
Microsoft Visual Studio Solution File, Format Version 12.00
# Visual Studio Version 17
VisualStudioVersion = 17.0.32112.339
MinimumVisualStudioVersion = 10.0.40219.1
Project("{FAE04EC0-301F-11D3-BF4B-00C04F79EFBC}") = "CableX v0.0.1", "CableX v0.0.1.csproj", "{3625B4A7-AF6D-4290-855F-E0D13670067E}"
EndProject
Global
	GlobalSection(SolutionConfigurationPlatforms) = preSolution
		Debug|Any CPU = Debug|Any CPU
		Release|Any CPU = Release|Any CPU
	EndGlobalSection
	GlobalSection(ProjectConfigurationPlatforms) = postSolution
		{3625B4A7-AF6D-4290-855F-E0D13670067E}.Debug|Any CPU.ActiveCfg = Debug|Any CPU
		{3625B4A7-AF6D-4290-855F-E0D13670067E}.Debug|Any CPU.Build.0 = Debug|Any CPU
		{3625B4A7-AF6D-4290-855F-E0D13670067E}.Release|Any CPU.ActiveCfg = Release|Any CPU
		{3625B4A7-AF6D-4290-855F-E0D13670067E}.Release|Any CPU.Build.0 = Release|Any CPU
	EndGlobalSection
	GlobalSection(SolutionProperties) = preSolution
		HideSolutionNode = FALSE
	EndGlobalSection
	GlobalSection(ExtensibilityGlobals) = postSolution
		SolutionGuid = {44138E1B-EEDA-4A51-955E-38BAA336A916}
	EndGlobalSection
EndGlobal
